
Microsoft Visual Studio Solution File, Format Version 12.00
# Visual Studio Version 18
VisualStudioVersion = 18.6.11806.211
MinimumVisualStudioVersion = 10.0.40219.1
Project("{2150E333-8FDC-42A3-9474-1A3956D46DE8}") = "Backend", "Backend", "{827E0CD3-B72D-47B6-A68D-7590B98EB39B}"
EndProject
Project("{FAE04EC0-301F-11D3-BF4B-00C04F79EFBC}") = "AEspejo.Clinic.Domain", "src\AEspejo.Clinic.Domain\AEspejo.Clinic.Domain.csproj", "{D3CEC550-8BA3-4EF3-9ACA-98867BF8377C}"
EndProject
Project("{FAE04EC0-301F-11D3-BF4B-00C04F79EFBC}") = "AEspejo.Clinic.Master", "src\AEspejo.Clinic.Master\AEspejo.Clinic.Master.csproj", "{07E543ED-570C-4324-A83E-C12B970007D9}"
EndProject
Project("{FAE04EC0-301F-11D3-BF4B-00C04F79EFBC}") = "AEspejo.Clinic.Infrastructure", "src\AEspejo.Clinic.Infrastructure\AEspejo.Clinic.Infrastructure.csproj", "{6B11AD43-F734-4119-A1A8-EC0269D3694F}"
EndProject
Project("{FAE04EC0-301F-11D3-BF4B-00C04F79EFBC}") = "AEspejo.Clinic.API", "src\AEspejo.Clinic.API\AEspejo.Clinic.API.csproj", "{3A1B24B1-FA43-4737-93FC-57E7F2B99BCC}"
EndProject
Project("{FAE04EC0-301F-11D3-BF4B-00C04F79EFBC}") = "AEspejo.Clinic.Application", "src\AEspejo.Clinic.Application\AEspejo.Clinic.Application.csproj", "{7889C138-91F2-4BFA-80D8-A312CD1D040C}"
EndProject
Project("{54A90642-561A-4BB1-A94E-469ADEE60C69}") = "AEspejo.Clinic.Client", "src\AEspejo.Clinic.Client\AEspejo.Clinic.Client.esproj", "{604B7B1F-3EF7-181F-F9B7-E2A7990B8D9F}"
EndProject
Project("{2150E333-8FDC-42A3-9474-1A3956D46DE8}") = "Frontend", "Frontend", "{4A35EAA4-C4E0-4772-B290-ED5998789EC9}"
EndProject
Project("{2150E333-8FDC-42A3-9474-1A3956D46DE8}") = "tests", "tests", "{0AB3BF05-4346-4AA6-1389-037BE0695223}"
EndProject
Project("{FAE04EC0-301F-11D3-BF4B-00C04F79EFBC}") = "AEspejo.Clinic.Application.Tests", "tests\AEspejo.Clinic.Application.Tests\AEspejo.Clinic.Application.Tests.csproj", "{C503D815-D65C-4919-A4C9-4BB0DAE12E02}"
EndProject
Project("{2150E333-8FDC-42A3-9474-1A3956D46DE8}") = "src", "src", "{827E0CD3-B72D-47B6-A68D-7590B98EB39B}"
EndProject
Global
	GlobalSection(SolutionConfigurationPlatforms) = preSolution
		Debug|Any CPU = Debug|Any CPU
		Debug|x64 = Debug|x64
		Debug|x86 = Debug|x86
		Release|Any CPU = Release|Any CPU
		Release|x64 = Release|x64
		Release|x86 = Release|x86
	EndGlobalSection
	GlobalSection(ProjectConfigurationPlatforms) = postSolution
		{D3CEC550-8BA3-4EF3-9ACA-98867BF8377C}.Debug|Any CPU.ActiveCfg = Debug|Any CPU
		{D3CEC550-8BA3-4EF3-9ACA-98867BF8377C}.Debug|Any CPU.Build.0 = Debug|Any CPU
		{D3CEC550-8BA3-4EF3-9ACA-98867BF8377C}.Debug|x64.ActiveCfg = Debug|Any CPU
		{D3CEC550-8BA3-4EF3-9ACA-98867BF8377C}.Debug|x64.Build.0 = Debug|Any CPU
		{D3CEC550-8BA3-4EF3-9ACA-98867BF8377C}.Debug|x86.ActiveCfg = Debug|Any CPU
		{D3CEC550-8BA3-4EF3-9ACA-98867BF8377C}.Debug|x86.Build.0 = Debug|Any CPU
		{D3CEC550-8BA3-4EF3-9ACA-98867BF8377C}.Release|Any CPU.ActiveCfg = Release|Any CPU
		{D3CEC550-8BA3-4EF3-9ACA-98867BF8377C}.Release|Any CPU.Build.0 = Release|Any CPU
		{D3CEC550-8BA3-4EF3-9ACA-98867BF8377C}.Release|x64.ActiveCfg = Release|Any CPU
		{D3CEC550-8BA3-4EF3-9ACA-98867BF8377C}.Release|x64.Build.0 = Release|Any CPU
		{D3CEC550-8BA3-4EF3-9ACA-98867BF8377C}.Release|x86.ActiveCfg = Release|Any CPU
		{D3CEC550-8BA3-4EF3-9ACA-98867BF8377C}.Release|x86.Build.0 = Release|Any CPU
		{07E543ED-570C-4324-A83E-C12B970007D9}.Debug|Any CPU.ActiveCfg = Debug|Any CPU
		{07E543ED-570C-4324-A83E-C12B970007D9}.Debug|Any CPU.Build.0 = Debug|Any CPU
		{07E543ED-570C-4324-A83E-C12B970007D9}.Debug|x64.ActiveCfg = Debug|Any CPU
		{07E543ED-570C-4324-A83E-C12B970007D9}.Debug|x64.Build.0 = Debug|Any CPU
		{07E543ED-570C-4324-A83E-C12B970007D9}.Debug|x86.ActiveCfg = Debug|Any CPU
		{07E543ED-570C-4324-A83E-C12B970007D9}.Debug|x86.Build.0 = Debug|Any CPU
		{07E543ED-570C-4324-A83E-C12B970007D9}.Release|Any CPU.ActiveCfg = Release|Any CPU
		{07E543ED-570C-4324-A83E-C12B970007D9}.Release|Any CPU.Build.0 = Release|Any CPU
		{07E543ED-570C-4324-A83E-C12B970007D9}.Release|x64.ActiveCfg = Release|Any CPU
		{07E543ED-570C-4324-A83E-C12B970007D9}.Release|x64.Build.0 = Release|Any CPU
		{07E543ED-570C-4324-A83E-C12B970007D9}.Release|x86.ActiveCfg = Release|Any CPU
		{07E543ED-570C-4324-A83E-C12B970007D9}.Release|x86.Build.0 = Release|Any CPU
		{6B11AD43-F734-4119-A1A8-EC0269D3694F}.Debug|Any CPU.ActiveCfg = Debug|Any CPU
		{6B11AD43-F734-4119-A1A8-EC0269D3694F}.Debug|Any CPU.Build.0 = Debug|Any CPU
		{6B11AD43-F734-4119-A1A8-EC0269D3694F}.Debug|x64.ActiveCfg = Debug|Any CPU
		{6B11AD43-F734-4119-A1A8-EC0269D3694F}.Debug|x64.Build.0 = Debug|Any CPU
		{6B11AD43-F734-4119-A1A8-EC0269D3694F}.Debug|x86.ActiveCfg = Debug|Any CPU
		{6B11AD43-F734-4119-A1A8-EC0269D3694F}.Debug|x86.Build.0 = Debug|Any CPU
		{6B11AD43-F734-4119-A1A8-EC0269D3694F}.Release|Any CPU.ActiveCfg = Release|Any CPU
		{6B11AD43-F734-4119-A1A8-EC0269D3694F}.Release|Any CPU.Build.0 = Release|Any CPU
		{6B11AD43-F734-4119-A1A8-EC0269D3694F}.Release|x64.ActiveCfg = Release|Any CPU
		{6B11AD43-F734-4119-A1A8-EC0269D3694F}.Release|x64.Build.0 = Release|Any CPU
		{6B11AD43-F734-4119-A1A8-EC0269D3694F}.Release|x86.ActiveCfg = Release|Any CPU
		{6B11AD43-F734-4119-A1A8-EC0269D3694F}.Release|x86.Build.0 = Release|Any CPU
		{3A1B24B1-FA43-4737-93FC-57E7F2B99BCC}.Debug|Any CPU.ActiveCfg = Debug|Any CPU
		{3A1B24B1-FA43-4737-93FC-57E7F2B99BCC}.Debug|Any CPU.Build.0 = Debug|Any CPU
		{3A1B24B1-FA43-4737-93FC-57E7F2B99BCC}.Debug|x64.ActiveCfg = Debug|Any CPU
		{3A1B24B1-FA43-4737-93FC-57E7F2B99BCC}.Debug|x64.Build.0 = Debug|Any CPU
		{3A1B24B1-FA43-4737-93FC-57E7F2B99BCC}.Debug|x86.ActiveCfg = Debug|Any CPU
		{3A1B24B1-FA43-4737-93FC-57E7F2B99BCC}.Debug|x86.Build.0 = Debug|Any CPU
		{3A1B24B1-FA43-4737-93FC-57E7F2B99BCC}.Release|Any CPU.ActiveCfg = Release|Any CPU
		{3A1B24B1-FA43-4737-93FC-57E7F2B99BCC}.Release|Any CPU.Build.0 = Release|Any CPU
		{3A1B24B1-FA43-4737-93FC-57E7F2B99BCC}.Release|x64.ActiveCfg = Release|Any CPU
		{3A1B24B1-FA43-4737-93FC-57E7F2B99BCC}.Release|x64.Build.0 = Release|Any CPU
		{3A1B24B1-FA43-4737-93FC-57E7F2B99BCC}.Release|x86.ActiveCfg = Release|Any CPU
		{3A1B24B1-FA43-4737-93FC-57E7F2B99BCC}.Release|x86.Build.0 = Release|Any CPU
		{7889C138-91F2-4BFA-80D8-A312CD1D040C}.Debug|Any CPU.ActiveCfg = Debug|Any CPU
		{7889C138-91F2-4BFA-80D8-A312CD1D040C}.Debug|Any CPU.Build.0 = Debug|Any CPU
		{7889C138-91F2-4BFA-80D8-A312CD1D040C}.Debug|x64.ActiveCfg = Debug|Any CPU
		{7889C138-91F2-4BFA-80D8-A312CD1D040C}.Debug|x64.Build.0 = Debug|Any CPU
		{7889C138-91F2-4BFA-80D8-A312CD1D040C}.Debug|x86.ActiveCfg = Debug|Any CPU
		{7889C138-91F2-4BFA-80D8-A312CD1D040C}.Debug|x86.Build.0 = Debug|Any CPU
		{7889C138-91F2-4BFA-80D8-A312CD1D040C}.Release|Any CPU.ActiveCfg = Release|Any CPU
		{7889C138-91F2-4BFA-80D8-A312CD1D040C}.Release|Any CPU.Build.0 = Release|Any CPU
		{7889C138-91F2-4BFA-80D8-A312CD1D040C}.Release|x64.ActiveCfg = Release|Any CPU
		{7889C138-91F2-4BFA-80D8-A312CD1D040C}.Release|x64.Build.0 = Release|Any CPU
		{7889C138-91F2-4BFA-80D8-A312CD1D040C}.Release|x86.ActiveCfg = Release|Any CPU
		{7889C138-91F2-4BFA-80D8-A312CD1D040C}.Release|x86.Build.0 = Release|Any CPU
		{604B7B1F-3EF7-181F-F9B7-E2A7990B8D9F}.Debug|Any CPU.ActiveCfg = Debug|Any CPU
		{604B7B1F-3EF7-181F-F9B7-E2A7990B8D9F}.Debug|Any CPU.Build.0 = Debug|Any CPU
		{604B7B1F-3EF7-181F-F9B7-E2A7990B8D9F}.Debug|Any CPU.Deploy.0 = Debug|Any CPU
		{604B7B1F-3EF7-181F-F9B7-E2A7990B8D9F}.Debug|x64.ActiveCfg = Debug|Any CPU
		{604B7B1F-3EF7-181F-F9B7-E2A7990B8D9F}.Debug|x64.Build.0 = Debug|Any CPU
		{604B7B1F-3EF7-181F-F9B7-E2A7990B8D9F}.Debug|x64.Deploy.0 = Debug|Any CPU
		{604B7B1F-3EF7-181F-F9B7-E2A7990B8D9F}.Debug|x86.ActiveCfg = Debug|Any CPU
		{604B7B1F-3EF7-181F-F9B7-E2A7990B8D9F}.Debug|x86.Build.0 = Debug|Any CPU
		{604B7B1F-3EF7-181F-F9B7-E2A7990B8D9F}.Debug|x86.Deploy.0 = Debug|Any CPU
		{604B7B1F-3EF7-181F-F9B7-E2A7990B8D9F}.Release|Any CPU.ActiveCfg = Release|Any CPU
		{604B7B1F-3EF7-181F-F9B7-E2A7990B8D9F}.Release|Any CPU.Build.0 = Release|Any CPU
		{604B7B1F-3EF7-181F-F9B7-E2A7990B8D9F}.Release|Any CPU.Deploy.0 = Release|Any CPU
		{604B7B1F-3EF7-181F-F9B7-E2A7990B8D9F}.Release|x64.ActiveCfg = Release|Any CPU
		{604B7B1F-3EF7-181F-F9B7-E2A7990B8D9F}.Release|x64.Build.0 = Release|Any CPU
		{604B7B1F-3EF7-181F-F9B7-E2A7990B8D9F}.Release|x64.Deploy.0 = Release|Any CPU
		{604B7B1F-3EF7-181F-F9B7-E2A7990B8D9F}.Release|x86.ActiveCfg = Release|Any CPU
		{604B7B1F-3EF7-181F-F9B7-E2A7990B8D9F}.Release|x86.Build.0 = Release|Any CPU
		{604B7B1F-3EF7-181F-F9B7-E2A7990B8D9F}.Release|x86.Deploy.0 = Release|Any CPU
		{C503D815-D65C-4919-A4C9-4BB0DAE12E02}.Debug|Any CPU.ActiveCfg = Debug|Any CPU
		{C503D815-D65C-4919-A4C9-4BB0DAE12E02}.Debug|Any CPU.Build.0 = Debug|Any CPU
		{C503D815-D65C-4919-A4C9-4BB0DAE12E02}.Debug|x64.ActiveCfg = Debug|Any CPU
		{C503D815-D65C-4919-A4C9-4BB0DAE12E02}.Debug|x64.Build.0 = Debug|Any CPU
		{C503D815-D65C-4919-A4C9-4BB0DAE12E02}.Debug|x86.ActiveCfg = Debug|Any CPU
		{C503D815-D65C-4919-A4C9-4BB0DAE12E02}.Debug|x86.Build.0 = Debug|Any CPU
		{C503D815-D65C-4919-A4C9-4BB0DAE12E02}.Release|Any CPU.ActiveCfg = Release|Any CPU
		{C503D815-D65C-4919-A4C9-4BB0DAE12E02}.Release|Any CPU.Build.0 = Release|Any CPU
		{C503D815-D65C-4919-A4C9-4BB0DAE12E02}.Release|x64.ActiveCfg = Release|Any CPU
		{C503D815-D65C-4919-A4C9-4BB0DAE12E02}.Release|x64.Build.0 = Release|Any CPU
		{C503D815-D65C-4919-A4C9-4BB0DAE12E02}.Release|x86.ActiveCfg = Release|Any CPU
		{C503D815-D65C-4919-A4C9-4BB0DAE12E02}.Release|x86.Build.0 = Release|Any CPU
	EndGlobalSection
	GlobalSection(SolutionProperties) = preSolution
		HideSolutionNode = FALSE
	EndGlobalSection
	GlobalSection(NestedProjects) = preSolution
		{D3CEC550-8BA3-4EF3-9ACA-98867BF8377C} = {827E0CD3-B72D-47B6-A68D-7590B98EB39B}
		{07E543ED-570C-4324-A83E-C12B970007D9} = {827E0CD3-B72D-47B6-A68D-7590B98EB39B}
		{6B11AD43-F734-4119-A1A8-EC0269D3694F} = {827E0CD3-B72D-47B6-A68D-7590B98EB39B}
		{3A1B24B1-FA43-4737-93FC-57E7F2B99BCC} = {827E0CD3-B72D-47B6-A68D-7590B98EB39B}
		{7889C138-91F2-4BFA-80D8-A312CD1D040C} = {827E0CD3-B72D-47B6-A68D-7590B98EB39B}
		{604B7B1F-3EF7-181F-F9B7-E2A7990B8D9F} = {4A35EAA4-C4E0-4772-B290-ED5998789EC9}
		{C503D815-D65C-4919-A4C9-4BB0DAE12E02} = {0AB3BF05-4346-4AA6-1389-037BE0695223}
	EndGlobalSection
	GlobalSection(ExtensibilityGlobals) = postSolution
		SolutionGuid = {E1DEA4F2-F079-402B-8693-5F1B7B80357A}
	EndGlobalSection
EndGlobal
